// !$*UTF8*$!
{
	archiveVersion = 1;
	classes = {
	};
	objectVersion = 46;
	objects = {

/* Begin PBXBuildFile section */
		21B1C9EA16571A3C008AF23E /* Pods_PokeSearch.framework in Frameworks */ = {isa = PBXBuildFile; fileRef = 8823D35EDBBB956335637F86 /* Pods_PokeSearch.framework */; };
		C21828B51E463E2700482238 /* AppDelegate.swift in Sources */ = {isa = PBXBuildFile; fileRef = C21828B41E463E2700482238 /* AppDelegate.swift */; };
		C21828B71E463E2700482238 /* ViewController.swift in Sources */ = {isa = PBXBuildFile; fileRef = C21828B61E463E2700482238 /* ViewController.swift */; };
		C21828BA1E463E2700482238 /* Main.storyboard in Resources */ = {isa = PBXBuildFile; fileRef = C21828B81E463E2700482238 /* Main.storyboard */; };
		C21828BC1E463E2700482238 /* Assets.xcassets in Resources */ = {isa = PBXBuildFile; fileRef = C21828BB1E463E2700482238 /* Assets.xcassets */; };
		C21828BF1E463E2700482238 /* LaunchScreen.storyboard in Resources */ = {isa = PBXBuildFile; fileRef = C21828BD1E463E2700482238 /* LaunchScreen.storyboard */; };
		C21828C71E463EC300482238 /* GoogleService-Info.plist in Resources */ = {isa = PBXBuildFile; fileRef = C21828C61E463EC300482238 /* GoogleService-Info.plist */; };
		C22A6F541E478CA4003F3DD7 /* PokeAnnotation.swift in Sources */ = {isa = PBXBuildFile; fileRef = C22A6F531E478CA4003F3DD7 /* PokeAnnotation.swift */; };
		C24270E71E4776DA00FC44B9 /* GeoFire.m in Sources */ = {isa = PBXBuildFile; fileRef = C24270DE1E4776DA00FC44B9 /* GeoFire.m */; };
		C24270E81E4776DA00FC44B9 /* GFBase32Utils.m in Sources */ = {isa = PBXBuildFile; fileRef = C24270E01E4776DA00FC44B9 /* GFBase32Utils.m */; };
		C24270E91E4776DA00FC44B9 /* GFGeoHash.m in Sources */ = {isa = PBXBuildFile; fileRef = C24270E21E4776DA00FC44B9 /* GFGeoHash.m */; };
		C24270EA1E4776DA00FC44B9 /* GFGeoHashQuery.m in Sources */ = {isa = PBXBuildFile; fileRef = C24270E41E4776DA00FC44B9 /* GFGeoHashQuery.m */; };
		C24270EB1E4776DA00FC44B9 /* GFQuery.m in Sources */ = {isa = PBXBuildFile; fileRef = C24270E61E4776DA00FC44B9 /* GFQuery.m */; };
/* End PBXBuildFile section */

/* Begin PBXFileReference section */
		8823D35EDBBB956335637F86 /* Pods_PokeSearch.framework */ = {isa = PBXFileReference; explicitFileType = wrapper.framework; includeInIndex = 0; path = Pods_PokeSearch.framework; sourceTree = BUILT_PRODUCTS_DIR; };
		A2C9711FFAF780EEE7F4CC2F /* Pods-PokeSearch.debug.xcconfig */ = {isa = PBXFileReference; includeInIndex = 1; lastKnownFileType = text.xcconfig; name = "Pods-PokeSearch.debug.xcconfig"; path = "Pods/Target Support Files/Pods-PokeSearch/Pods-PokeSearch.debug.xcconfig"; sourceTree = "<group>"; };
		C21828B11E463E2700482238 /* PokeSearch.app */ = {isa = PBXFileReference; explicitFileType = wrapper.application; includeInIndex = 0; path = PokeSearch.app; sourceTree = BUILT_PRODUCTS_DIR; };
		C21828B41E463E2700482238 /* AppDelegate.swift */ = {isa = PBXFileReference; lastKnownFileType = sourcecode.swift; path = AppDelegate.swift; sourceTree = "<group>"; };
		C21828B61E463E2700482238 /* ViewController.swift */ = {isa = PBXFileReference; lastKnownFileType = sourcecode.swift; path = ViewController.swift; sourceTree = "<group>"; };
		C21828B91E463E2700482238 /* Base */ = {isa = PBXFileReference; lastKnownFileType = file.storyboard; name = Base; path = Base.lproj/Main.storyboard; sourceTree = "<group>"; };
		C21828BB1E463E2700482238 /* Assets.xcassets */ = {isa = PBXFileReference; lastKnownFileType = folder.assetcatalog; path = Assets.xcassets; sourceTree = "<group>"; };
		C21828BE1E463E2700482238 /* Base */ = {isa = PBXFileReference; lastKnownFileType = file.storyboard; name = Base; path = Base.lproj/LaunchScreen.storyboard; sourceTree = "<group>"; };
		C21828C01E463E2700482238 /* Info.plist */ = {isa = PBXFileReference; lastKnownFileType = text.plist.xml; path = Info.plist; sourceTree = "<group>"; };
		C21828C61E463EC300482238 /* GoogleService-Info.plist */ = {isa = PBXFileReference; fileEncoding = 4; lastKnownFileType = text.plist.xml; path = "GoogleService-Info.plist"; sourceTree = "<group>"; };
		C22A6F531E478CA4003F3DD7 /* PokeAnnotation.swift */ = {isa = PBXFileReference; fileEncoding = 4; lastKnownFileType = sourcecode.swift; path = PokeAnnotation.swift; sourceTree = "<group>"; };
		C24270D71E4776DA00FC44B9 /* GeoFire.h */ = {isa = PBXFileReference; fileEncoding = 4; lastKnownFileType = sourcecode.c.h; path = GeoFire.h; sourceTree = "<group>"; };
		C24270D81E4776DA00FC44B9 /* GFCircleQuery.h */ = {isa = PBXFileReference; fileEncoding = 4; lastKnownFileType = sourcecode.c.h; path = GFCircleQuery.h; sourceTree = "<group>"; };
		C24270D91E4776DA00FC44B9 /* GFQuery.h */ = {isa = PBXFileReference; fileEncoding = 4; lastKnownFileType = sourcecode.c.h; path = GFQuery.h; sourceTree = "<group>"; };
		C24270DA1E4776DA00FC44B9 /* GFRegionQuery.h */ = {isa = PBXFileReference; fileEncoding = 4; lastKnownFileType = sourcecode.c.h; path = GFRegionQuery.h; sourceTree = "<group>"; };
		C24270DB1E4776DA00FC44B9 /* GeoFire-Prefix.pch */ = {isa = PBXFileReference; fileEncoding = 4; lastKnownFileType = sourcecode.c.h; path = "GeoFire-Prefix.pch"; sourceTree = "<group>"; };
		C24270DD1E4776DA00FC44B9 /* GeoFire+Private.h */ = {isa = PBXFileReference; fileEncoding = 4; lastKnownFileType = sourcecode.c.h; path = "GeoFire+Private.h"; sourceTree = "<group>"; };
		C24270DE1E4776DA00FC44B9 /* GeoFire.m */ = {isa = PBXFileReference; fileEncoding = 4; lastKnownFileType = sourcecode.c.objc; path = GeoFire.m; sourceTree = "<group>"; };
		C24270DF1E4776DA00FC44B9 /* GFBase32Utils.h */ = {isa = PBXFileReference; fileEncoding = 4; lastKnownFileType = sourcecode.c.h; path = GFBase32Utils.h; sourceTree = "<group>"; };
		C24270E01E4776DA00FC44B9 /* GFBase32Utils.m */ = {isa = PBXFileReference; fileEncoding = 4; lastKnownFileType = sourcecode.c.objc; path = GFBase32Utils.m; sourceTree = "<group>"; };
		C24270E11E4776DA00FC44B9 /* GFGeoHash.h */ = {isa = PBXFileReference; fileEncoding = 4; lastKnownFileType = sourcecode.c.h; path = GFGeoHash.h; sourceTree = "<group>"; };
		C24270E21E4776DA00FC44B9 /* GFGeoHash.m */ = {isa = PBXFileReference; fileEncoding = 4; lastKnownFileType = sourcecode.c.objc; path = GFGeoHash.m; sourceTree = "<group>"; };
		C24270E31E4776DA00FC44B9 /* GFGeoHashQuery.h */ = {isa = PBXFileReference; fileEncoding = 4; lastKnownFileType = sourcecode.c.h; path = GFGeoHashQuery.h; sourceTree = "<group>"; };
		C24270E41E4776DA00FC44B9 /* GFGeoHashQuery.m */ = {isa = PBXFileReference; fileEncoding = 4; lastKnownFileType = sourcecode.c.objc; path = GFGeoHashQuery.m; sourceTree = "<group>"; };
		C24270E51E4776DA00FC44B9 /* GFQuery+Private.h */ = {isa = PBXFileReference; fileEncoding = 4; lastKnownFileType = sourcecode.c.h; path = "GFQuery+Private.h"; sourceTree = "<group>"; };
		C24270E61E4776DA00FC44B9 /* GFQuery.m */ = {isa = PBXFileReference; fileEncoding = 4; lastKnownFileType = sourcecode.c.objc; path = GFQuery.m; sourceTree = "<group>"; };
		C24270EC1E47783900FC44B9 /* PokeSearch-Bridging-Header.h */ = {isa = PBXFileReference; fileEncoding = 4; lastKnownFileType = sourcecode.c.h; path = "PokeSearch-Bridging-Header.h"; sourceTree = "<group>"; };
		D18814910B0605AC6A7BDD10 /* Pods-PokeSearch.release.xcconfig */ = {isa = PBXFileReference; includeInIndex = 1; lastKnownFileType = text.xcconfig; name = "Pods-PokeSearch.release.xcconfig"; path = "Pods/Target Support Files/Pods-PokeSearch/Pods-PokeSearch.release.xcconfig"; sourceTree = "<group>"; };
/* End PBXFileReference section */

/* Begin PBXFrameworksBuildPhase section */
		C21828AE1E463E2700482238 /* Frameworks */ = {
			isa = PBXFrameworksBuildPhase;
			buildActionMask = 2147483647;
			files = (
				21B1C9EA16571A3C008AF23E /* Pods_PokeSearch.framework in Frameworks */,
			);
			runOnlyForDeploymentPostprocessing = 0;
		};
/* End PBXFrameworksBuildPhase section */

/* Begin PBXGroup section */
		0ADB31F4CCFEF2DBA1818F71 /* Pods */ = {
			isa = PBXGroup;
			children = (
				A2C9711FFAF780EEE7F4CC2F /* Pods-PokeSearch.debug.xcconfig */,
				D18814910B0605AC6A7BDD10 /* Pods-PokeSearch.release.xcconfig */,
			);
			name = Pods;
			sourceTree = "<group>";
		};
		A5A7900A6A94B078F315D12A /* Frameworks */ = {
			isa = PBXGroup;
			children = (
				8823D35EDBBB956335637F86 /* Pods_PokeSearch.framework */,
			);
			name = Frameworks;
			sourceTree = "<group>";
		};
		C21828A81E463E2700482238 = {
			isa = PBXGroup;
			children = (
				C21828B31E463E2700482238 /* PokeSearch */,
				C21828B21E463E2700482238 /* Products */,
				0ADB31F4CCFEF2DBA1818F71 /* Pods */,
				A5A7900A6A94B078F315D12A /* Frameworks */,
			);
			sourceTree = "<group>";
		};
		C21828B21E463E2700482238 /* Products */ = {
			isa = PBXGroup;
			children = (
				C21828B11E463E2700482238 /* PokeSearch.app */,
			);
			name = Products;
			sourceTree = "<group>";
		};
		C21828B31E463E2700482238 /* PokeSearch */ = {
			isa = PBXGroup;
			children = (
				C22A6F521E478C29003F3DD7 /* Model */,
				C22A6F511E478C1C003F3DD7 /* Controller */,
				C24270D51E4776DA00FC44B9 /* GeoFire */,
				C21828C61E463EC300482238 /* GoogleService-Info.plist */,
				C21828B41E463E2700482238 /* AppDelegate.swift */,
				C21828B81E463E2700482238 /* Main.storyboard */,
				C21828BB1E463E2700482238 /* Assets.xcassets */,
				C21828BD1E463E2700482238 /* LaunchScreen.storyboard */,
				C21828C01E463E2700482238 /* Info.plist */,
				C24270EC1E47783900FC44B9 /* PokeSearch-Bridging-Header.h */,
			);
			path = PokeSearch;
			sourceTree = "<group>";
		};
		C22A6F511E478C1C003F3DD7 /* Controller */ = {
			isa = PBXGroup;
			children = (
				C21828B61E463E2700482238 /* ViewController.swift */,
			);
			name = Controller;
			sourceTree = "<group>";
		};
		C22A6F521E478C29003F3DD7 /* Model */ = {
			isa = PBXGroup;
			children = (
				C22A6F531E478CA4003F3DD7 /* PokeAnnotation.swift */,
			);
			name = Model;
			sourceTree = "<group>";
		};
		C24270D51E4776DA00FC44B9 /* GeoFire */ = {
			isa = PBXGroup;
			children = (
				C24270D61E4776DA00FC44B9 /* API */,
				C24270DB1E4776DA00FC44B9 /* GeoFire-Prefix.pch */,
				C24270DC1E4776DA00FC44B9 /* Implementation */,
			);
			path = GeoFire;
			sourceTree = "<group>";
		};
		C24270D61E4776DA00FC44B9 /* API */ = {
			isa = PBXGroup;
			children = (
				C24270D71E4776DA00FC44B9 /* GeoFire.h */,
				C24270D81E4776DA00FC44B9 /* GFCircleQuery.h */,
				C24270D91E4776DA00FC44B9 /* GFQuery.h */,
				C24270DA1E4776DA00FC44B9 /* GFRegionQuery.h */,
			);
			path = API;
			sourceTree = "<group>";
		};
		C24270DC1E4776DA00FC44B9 /* Implementation */ = {
			isa = PBXGroup;
			children = (
				C24270DD1E4776DA00FC44B9 /* GeoFire+Private.h */,
				C24270DE1E4776DA00FC44B9 /* GeoFire.m */,
				C24270DF1E4776DA00FC44B9 /* GFBase32Utils.h */,
				C24270E01E4776DA00FC44B9 /* GFBase32Utils.m */,
				C24270E11E4776DA00FC44B9 /* GFGeoHash.h */,
				C24270E21E4776DA00FC44B9 /* GFGeoHash.m */,
				C24270E31E4776DA00FC44B9 /* GFGeoHashQuery.h */,
				C24270E41E4776DA00FC44B9 /* GFGeoHashQuery.m */,
				C24270E51E4776DA00FC44B9 /* GFQuery+Private.h */,
				C24270E61E4776DA00FC44B9 /* GFQuery.m */,
			);
			path = Implementation;
			sourceTree = "<group>";
		};
/* End PBXGroup section */

/* Begin PBXNativeTarget section */
		C21828B01E463E2700482238 /* PokeSearch */ = {
			isa = PBXNativeTarget;
			buildConfigurationList = C21828C31E463E2700482238 /* Build configuration list for PBXNativeTarget "PokeSearch" */;
			buildPhases = (
				12FFBE0501BD2DC82EDDABB5 /* [CP] Check Pods Manifest.lock */,
				C21828AD1E463E2700482238 /* Sources */,
				C21828AE1E463E2700482238 /* Frameworks */,
				C21828AF1E463E2700482238 /* Resources */,
				75644512441AAD532F1EC6E3 /* [CP] Embed Pods Frameworks */,
				47F39A6C4E1DB6186D39FF0E /* [CP] Copy Pods Resources */,
			);
			buildRules = (
			);
			dependencies = (
			);
			name = PokeSearch;
			productName = PokeSearch;
			productReference = C21828B11E463E2700482238 /* PokeSearch.app */;
			productType = "com.apple.product-type.application";
		};
/* End PBXNativeTarget section */

/* Begin PBXProject section */
		C21828A91E463E2700482238 /* Project object */ = {
			isa = PBXProject;
			attributes = {
				LastSwiftUpdateCheck = 0820;
				LastUpgradeCheck = 0820;
				ORGANIZATIONNAME = "Ruben Garcia";
				TargetAttributes = {
					C21828B01E463E2700482238 = {
						CreatedOnToolsVersion = 8.2.1;
						DevelopmentTeam = M7T4M64GR6;
						ProvisioningStyle = Automatic;
					};
				};
			};
			buildConfigurationList = C21828AC1E463E2700482238 /* Build configuration list for PBXProject "PokeSearch" */;
			compatibilityVersion = "Xcode 3.2";
			developmentRegion = English;
			hasScannedForEncodings = 0;
			knownRegions = (
				en,
				Base,
			);
			mainGroup = C21828A81E463E2700482238;
			productRefGroup = C21828B21E463E2700482238 /* Products */;
			projectDirPath = "";
			projectRoot = "";
			targets = (
				C21828B01E463E2700482238 /* PokeSearch */,
			);
		};
/* End PBXProject section */

/* Begin PBXResourcesBuildPhase section */
		C21828AF1E463E2700482238 /* Resources */ = {
			isa = PBXResourcesBuildPhase;
			buildActionMask = 2147483647;
			files = (
				C21828BF1E463E2700482238 /* LaunchScreen.storyboard in Resources */,
				C21828C71E463EC300482238 /* GoogleService-Info.plist in Resources */,
				C21828BC1E463E2700482238 /* Assets.xcassets in Resources */,
				C21828BA1E463E2700482238 /* Main.storyboard in Resources */,
			);
			runOnlyForDeploymentPostprocessing = 0;
		};
/* End PBXResourcesBuildPhase section */

/* Begin PBXShellScriptBuildPhase section */
		12FFBE0501BD2DC82EDDABB5 /* [CP] Check Pods Manifest.lock */ = {
			isa = PBXShellScriptBuildPhase;
			buildActionMask = 2147483647;
			files = (
			);
			inputPaths = (
			);
			name = "[CP] Check Pods Manifest.lock";
			outputPaths = (
			);
			runOnlyForDeploymentPostprocessing = 0;
			shellPath = /bin/sh;
			shellScript = "diff \"${PODS_ROOT}/../Podfile.lock\" \"${PODS_ROOT}/Manifest.lock\" > /dev/null\nif [ $? != 0 ] ; then\n    # print error to STDERR\n    echo \"error: The sandbox is not in sync with the Podfile.lock. Run 'pod install' or update your CocoaPods installation.\" >&2\n    exit 1\nfi\n";
			showEnvVarsInLog = 0;
		};
		47F39A6C4E1DB6186D39FF0E /* [CP] Copy Pods Resources */ = {
			isa = PBXShellScriptBuildPhase;
			buildActionMask = 2147483647;
			files = (
			);
			inputPaths = (
			);
			name = "[CP] Copy Pods Resources";
			outputPaths = (
			);
			runOnlyForDeploymentPostprocessing = 0;
			shellPath = /bin/sh;
			shellScript = "\"${SRCROOT}/Pods/Target Support Files/Pods-PokeSearch/Pods-PokeSearch-resources.sh\"\n";
			showEnvVarsInLog = 0;
		};
		75644512441AAD532F1EC6E3 /* [CP] Embed Pods Frameworks */ = {
			isa = PBXShellScriptBuildPhase;
			buildActionMask = 2147483647;
			files = (
			);
			inputPaths = (
			);
			name = "[CP] Embed Pods Frameworks";
			outputPaths = (
			);
			runOnlyForDeploymentPostprocessing = 0;
			shellPath = /bin/sh;
			shellScript = "\"${SRCROOT}/Pods/Target Support Files/Pods-PokeSearch/Pods-PokeSearch-frameworks.sh\"\n";
			showEnvVarsInLog = 0;
		};
/* End PBXShellScriptBuildPhase section */

/* Begin PBXSourcesBuildPhase section */
		C21828AD1E463E2700482238 /* Sources */ = {
			isa = PBXSourcesBuildPhase;
			buildActionMask = 2147483647;
			files = (
				C24270E81E4776DA00FC44B9 /* GFBase32Utils.m in Sources */,
				C22A6F541E478CA4003F3DD7 /* PokeAnnotation.swift in Sources */,
				C21828B71E463E2700482238 /* ViewController.swift in Sources */,
				C24270E91E4776DA00FC44B9 /* GFGeoHash.m in Sources */,
				C21828B51E463E2700482238 /* AppDelegate.swift in Sources */,
				C24270E71E4776DA00FC44B9 /* GeoFire.m in Sources */,
				C24270EA1E4776DA00FC44B9 /* GFGeoHashQuery.m in Sources */,
				C24270EB1E4776DA00FC44B9 /* GFQuery.m in Sources */,
			);
			runOnlyForDeploymentPostprocessing = 0;
		};
/* End PBXSourcesBuildPhase section */

/* Begin PBXVariantGroup section */
		C21828B81E463E2700482238 /* Main.storyboard */ = {
			isa = PBXVariantGroup;
			children = (
				C21828B91E463E2700482238 /* Base */,
			);
			name = Main.storyboard;
			sourceTree = "<group>";
		};
		C21828BD1E463E2700482238 /* LaunchScreen.storyboard */ = {
			isa = PBXVariantGroup;
			children = (
				C21828BE1E463E2700482238 /* Base */,
			);
			name = LaunchScreen.storyboard;
			sourceTree = "<group>";
		};
/* End PBXVariantGroup section */

/* Begin XCBuildConfiguration section */
		C21828C11E463E2700482238 /* Debug */ = {
			isa = XCBuildConfiguration;
			buildSettings = {
				ALWAYS_SEARCH_USER_PATHS = NO;
				CLANG_ANALYZER_NONNULL = YES;
				CLANG_CXX_LANGUAGE_STANDARD = "gnu++0x";
				CLANG_CXX_LIBRARY = "libc++";
				CLANG_ENABLE_MODULES = YES;
				CLANG_ENABLE_OBJC_ARC = YES;
				CLANG_WARN_BOOL_CONVERSION = YES;
				CLANG_WARN_CONSTANT_CONVERSION = YES;
				CLANG_WARN_DIRECT_OBJC_ISA_USAGE = YES_ERROR;
				CLANG_WARN_DOCUMENTATION_COMMENTS = YES;
				CLANG_WARN_EMPTY_BODY = YES;
				CLANG_WARN_ENUM_CONVERSION = YES;
				CLANG_WARN_INFINITE_RECURSION = YES;
				CLANG_WARN_INT_CONVERSION = YES;
				CLANG_WARN_OBJC_ROOT_CLASS = YES_ERROR;
				CLANG_WARN_SUSPICIOUS_MOVE = YES;
				CLANG_WARN_UNREACHABLE_CODE = YES;
				CLANG_WARN__DUPLICATE_METHOD_MATCH = YES;
				"CODE_SIGN_IDENTITY[sdk=iphoneos*]" = "iPhone Developer";
				COPY_PHASE_STRIP = NO;
				DEBUG_INFORMATION_FORMAT = dwarf;
				ENABLE_STRICT_OBJC_MSGSEND = YES;
				ENABLE_TESTABILITY = YES;
				GCC_C_LANGUAGE_STANDARD = gnu99;
				GCC_DYNAMIC_NO_PIC = NO;
				GCC_NO_COMMON_BLOCKS = YES;
				GCC_OPTIMIZATION_LEVEL = 0;
				GCC_PREPROCESSOR_DEFINITIONS = (
					"DEBUG=1",
					"$(inherited)",
				);
				GCC_WARN_64_TO_32_BIT_CONVERSION = YES;
				GCC_WARN_ABOUT_RETURN_TYPE = YES_ERROR;
				GCC_WARN_UNDECLARED_SELECTOR = YES;
				GCC_WARN_UNINITIALIZED_AUTOS = YES_AGGRESSIVE;
				GCC_WARN_UNUSED_FUNCTION = YES;
				GCC_WARN_UNUSED_VARIABLE = YES;
				IPHONEOS_DEPLOYMENT_TARGET = 10.2;
				MTL_ENABLE_DEBUG_INFO = YES;
				ONLY_ACTIVE_ARCH = YES;
				SDKROOT = iphoneos;
				SWIFT_ACTIVE_COMPILATION_CONDITIONS = DEBUG;
				SWIFT_OPTIMIZATION_LEVEL = "-Onone";
			};
			name = Debug;
		};
		C21828C21E463E2700482238 /* Release */ = {
			isa = XCBuildConfiguration;
			buildSettings = {
				ALWAYS_SEARCH_USER_PATHS = NO;
				CLANG_ANALYZER_NONNULL = YES;
				CLANG_CXX_LANGUAGE_STANDARD = "gnu++0x";
				CLANG_CXX_LIBRARY = "libc++";
				CLANG_ENABLE_MODULES = YES;
				CLANG_ENABLE_OBJC_ARC = YES;
				CLANG_WARN_BOOL_CONVERSION = YES;
				CLANG_WARN_CONSTANT_CONVERSION = YES;
				CLANG_WARN_DIRECT_OBJC_ISA_USAGE = YES_ERROR;
				CLANG_WARN_DOCUMENTATION_COMMENTS = YES;
				CLANG_WARN_EMPTY_BODY = YES;
				CLANG_WARN_ENUM_CONVERSION = YES;
				CLANG_WARN_INFINITE_RECURSION = YES;
				CLANG_WARN_INT_CONVERSION = YES;
				CLANG_WARN_OBJC_ROOT_CLASS = YES_ERROR;
				CLANG_WARN_SUSPICIOUS_MOVE = YES;
				CLANG_WARN_UNREACHABLE_CODE = YES;
				CLANG_WARN__DUPLICATE_METHOD_MATCH = YES;
				"CODE_SIGN_IDENTITY[sdk=iphoneos*]" = "iPhone Developer";
				COPY_PHASE_STRIP = NO;
				DEBUG_INFORMATION_FORMAT = "dwarf-with-dsym";
				ENABLE_NS_ASSERTIONS = NO;
				ENABLE_STRICT_OBJC_MSGSEND = YES;
				GCC_C_LANGUAGE_STANDARD = gnu99;
				GCC_NO_COMMON_BLOCKS = YES;
				GCC_WARN_64_TO_32_BIT_CONVERSION = YES;
				GCC_WARN_ABOUT_RETURN_TYPE = YES_ERROR;
				GCC_WARN_UNDECLARED_SELECTOR = YES;
				GCC_WARN_UNINITIALIZED_AUTOS = YES_AGGRESSIVE;
				GCC_WARN_UNUSED_FUNCTION = YES;
				GCC_WARN_UNUSED_VARIABLE = YES;
				IPHONEOS_DEPLOYMENT_TARGET = 10.2;
				MTL_ENABLE_DEBUG_INFO = NO;
				SDKROOT = iphoneos;
				SWIFT_OPTIMIZATION_LEVEL = "-Owholemodule";
				VALIDATE_PRODUCT = YES;
			};
			name = Release;
		};
		C21828C41E463E2700482238 /* Debug */ = {
			isa = XCBuildConfiguration;
			baseConfigurationReference = A2C9711FFAF780EEE7F4CC2F /* Pods-PokeSearch.debug.xcconfig */;
			buildSettings = {
				ASSETCATALOG_COMPILER_APPICON_NAME = AppIcon;
				DEVELOPMENT_TEAM = M7T4M64GR6;
				INFOPLIST_FILE = PokeSearch/Info.plist;
				LD_RUNPATH_SEARCH_PATHS = "$(inherited) @executable_path/Frameworks";
				PRODUCT_BUNDLE_IDENTIFIER = com.RubenGarcia.PokeSearch;
				PRODUCT_NAME = "$(TARGET_NAME)";
				SWIFT_OBJC_BRIDGING_HEADER = "PokeSearch/PokeSearch-Bridging-Header.h";
				SWIFT_VERSION = 3.0;
			};
			name = Debug;
		};
		C21828C51E463E2700482238 /* Release */ = {
			isa = XCBuildConfiguration;
			baseConfigurationReference = D18814910B0605AC6A7BDD10 /* Pods-PokeSearch.release.xcconfig */;
			buildSettings = {
				ASSETCATALOG_COMPILER_APPICON_NAME = AppIcon;
				DEVELOPMENT_TEAM = M7T4M64GR6;
				INFOPLIST_FILE = PokeSearch/Info.plist;
				LD_RUNPATH_SEARCH_PATHS = "$(inherited) @executable_path/Frameworks";
				PRODUCT_BUNDLE_IDENTIFIER = com.RubenGarcia.PokeSearch;
				PRODUCT_NAME = "$(TARGET_NAME)";
				SWIFT_OBJC_BRIDGING_HEADER = "PokeSearch/PokeSearch-Bridging-Header.h";
				SWIFT_VERSION = 3.0;
			};
			name = Release;
		};
/* End XCBuildConfiguration section */

/* Begin XCConfigurationList section */
		C21828AC1E463E2700482238 /* Build configuration list for PBXProject "PokeSearch" */ = {
			isa = XCConfigurationList;
			buildConfigurations = (
				C21828C11E463E2700482238 /* Debug */,
				C21828C21E463E2700482238 /* Release */,
			);
			defaultConfigurationIsVisible = 0;
			defaultConfigurationName = Release;
		};
		C21828C31E463E2700482238 /* Build configuration list for PBXNativeTarget "PokeSearch" */ = {
			isa = XCConfigurationList;
			buildConfigurations = (
				C21828C41E463E2700482238 /* Debug */,
				C21828C51E463E2700482238 /* Release */,
			);
			defaultConfigurationIsVisible = 0;
			defaultConfigurationName = Release;
		};
/* End XCConfigurationList section */
	};
	rootObject = C21828A91E463E2700482238 /* Project object */;
}
